
Microsoft Visual Studio Solution File, Format Version 12.00
# Visual Studio Version 16
VisualStudioVersion = 16.0.29209.62
MinimumVisualStudioVersion = 10.0.40219.1
Project("{FAE04EC0-301F-11D3-BF4B-00C04F79EFBC}") = "PacketAnalyzer", "PacketAnalyzer.csproj", "{1104F262-77CB-4733-84AE-B8B9BB1B5F0A}"
EndProject
Project("{FAE04EC0-301F-11D3-BF4B-00C04F79EFBC}") = "PacketAnalyzer.Test", "PacketAnalyzer.Test\PacketAnalyzer.Test.csproj", "{DA0AA82E-0FAB-40C2-804E-93F3C7B0E548}"
EndProject
Global
	GlobalSection(SolutionConfigurationPlatforms) = preSolution
		Debug|Any CPU = Debug|Any CPU
		Release|Any CPU = Release|Any CPU
	EndGlobalSection
	GlobalSection(ProjectConfigurationPlatforms) = postSolution
		{1104F262-77CB-4733-84AE-B8B9BB1B5F0A}.Debug|Any CPU.ActiveCfg = Debug|Any CPU
		{1104F262-77CB-4733-84AE-B8B9BB1B5F0A}.Debug|Any CPU.Build.0 = Debug|Any CPU
		{1104F262-77CB-4733-84AE-B8B9BB1B5F0A}.Release|Any CPU.ActiveCfg = Release|Any CPU
		{1104F262-77CB-4733-84AE-B8B9BB1B5F0A}.Release|Any CPU.Build.0 = Release|Any CPU
		{DA0AA82E-0FAB-40C2-804E-93F3C7B0E548}.Debug|Any CPU.ActiveCfg = Debug|Any CPU
		{DA0AA82E-0FAB-40C2-804E-93F3C7B0E548}.Debug|Any CPU.Build.0 = Debug|Any CPU
		{DA0AA82E-0FAB-40C2-804E-93F3C7B0E548}.Release|Any CPU.ActiveCfg = Release|Any CPU
		{DA0AA82E-0FAB-40C2-804E-93F3C7B0E548}.Release|Any CPU.Build.0 = Release|Any CPU
	EndGlobalSection
	GlobalSection(SolutionProperties) = preSolution
		HideSolutionNode = FALSE
	EndGlobalSection
	GlobalSection(ExtensibilityGlobals) = postSolution
		SolutionGuid = {EE8B4E52-49C3-4BBD-9A12-D9D0FFDE7D3D}
	EndGlobalSection
EndGlobal
